
Microsoft Visual Studio Solution File, Format Version 12.00
# Visual Studio Version 17
VisualStudioVersion = 17.7.34302.85
MinimumVisualStudioVersion = 10.0.40219.1
Project("{FAE04EC0-301F-11D3-BF4B-00C04F79EFBC}") = "Labb3_Entity", "Labb3_Entity.csproj", "{1E1186BE-D07D-45E8-B184-345EDCB7ED70}"
EndProject
Global
	GlobalSection(SolutionConfigurationPlatforms) = preSolution
		Debug|Any CPU = Debug|Any CPU
		Release|Any CPU = Release|Any CPU
	EndGlobalSection
	GlobalSection(ProjectConfigurationPlatforms) = postSolution
		{1E1186BE-D07D-45E8-B184-345EDCB7ED70}.Debug|Any CPU.ActiveCfg = Debug|Any CPU
		{1E1186BE-D07D-45E8-B184-345EDCB7ED70}.Debug|Any CPU.Build.0 = Debug|Any CPU
		{1E1186BE-D07D-45E8-B184-345EDCB7ED70}.Release|Any CPU.ActiveCfg = Release|Any CPU
		{1E1186BE-D07D-45E8-B184-345EDCB7ED70}.Release|Any CPU.Build.0 = Release|Any CPU
	EndGlobalSection
	GlobalSection(SolutionProperties) = preSolution
		HideSolutionNode = FALSE
	EndGlobalSection
	GlobalSection(ExtensibilityGlobals) = postSolution
		SolutionGuid = {1CB7C4EB-D315-4DB8-ACB0-691BC87AFEBC}
	EndGlobalSection
EndGlobal
